<?xml version="1.0" encoding="utf-8"?>
<Project ToolsVersion="4.0" xmlns="http://schemas.microsoft.com/developer/msbuild/2003">
  <ItemGroup>
    <Filter Include="소스 파일">
      <UniqueIdentifier>{4FC737F1-C7A5-4376-A066-2A32D752A2FF}</UniqueIdentifier>
      <Extensions>cpp;c;cc;cxx;c++;cppm;ixx;def;odl;idl;hpj;bat;asm;asmx</Extensions>
    </Filter>
    <Filter Include="헤더 파일">
      <UniqueIdentifier>{93995380-89BD-4b04-88EB-625FBE52EBFB}</UniqueIdentifier>
      <Extensions>h;hh;hpp;hxx;h++;hm;inl;inc;ipp;xsd</Extensions>
    </Filter>
    <Filter Include="리소스 파일">
      <UniqueIdentifier>{67DA6AB6-F800-4c08-8B7A-83BB121AAD01}</UniqueIdentifier>
      <Extensions>rc;ico;cur;bmp;dlg;rc2;rct;bin;rgs;gif;jpg;jpeg;jpe;resx;tiff;tif;png;wav;mfcribbon-ms</Extensions>
    </Filter>
    <Filter Include="Render">
      <UniqueIdentifier>{5c257d3f-739b-419a-a31a-6f20a50809d9}</UniqueIdentifier>
    </Filter>
    <Filter Include="Unit">
      <UniqueIdentifier>{79d259f8-b7e7-49b3-9f2d-91ec8335f7e5}</UniqueIdentifier>
    </Filter>
    <Filter Include="Map">
      <UniqueIdentifier>{eee20bfb-af3c-4a75-9b8d-09fc9f09aacd}</UniqueIdentifier>
    </Filter>
    <Filter Include="Camera">
      <UniqueIdentifier>{cbe43292-e36f-4df5-802a-99cdc12c0474}</UniqueIdentifier>
    </Filter>
    <Filter Include="MainGame">
      <UniqueIdentifier>{fda87f2a-10ed-4cc0-bf58-b6715f693c78}</UniqueIdentifier>
    </Filter>
    <Filter Include="Timer">
      <UniqueIdentifier>{9f53d191-eb76-429c-b67e-be21a0fe7a25}</UniqueIdentifier>
    </Filter>
    <Filter Include="Unit\Monster">
      <UniqueIdentifier>{d27d4806-e2d1-498e-bdbf-e0b94609bf9c}</UniqueIdentifier>
    </Filter>
    <Filter Include="ObjectContainer">
      <UniqueIdentifier>{c1da979f-c370-4e8f-87c8-86f2c10e9b6f}</UniqueIdentifier>
    </Filter>
    <Filter Include="Light">
      <UniqueIdentifier>{27d3fce2-a4db-4987-8987-ce2b47fbe341}</UniqueIdentifier>
    </Filter>
    <Filter Include="Item">
      <UniqueIdentifier>{26397689-56de-4e5e-8820-28a73c515204}</UniqueIdentifier>
    </Filter>
    <Filter Include="Rhythm">
      <UniqueIdentifier>{c4e0d6e3-010b-489f-b0fb-0bf74104efdd}</UniqueIdentifier>
    </Filter>
  </ItemGroup>
  <ItemGroup>
    <ClCompile Include="test.cpp">
      <Filter>소스 파일</Filter>
    </ClCompile>
    <ClCompile Include="Struct.h">
      <Filter>헤더 파일</Filter>
    </ClCompile>
    <ClCompile Include="Player.cpp">
      <Filter>Unit</Filter>
    </ClCompile>
    <ClCompile Include="Render.cpp">
      <Filter>Render</Filter>
    </ClCompile>
    <ClCompile Include="Map.cpp">
      <Filter>Map</Filter>
    </ClCompile>
    <ClCompile Include="Camera.cpp">
      <Filter>Camera</Filter>
    </ClCompile>
    <ClCompile Include="MainGame.cpp">
      <Filter>MainGame</Filter>
    </ClCompile>
    <ClCompile Include="Timer.cpp">
      <Filter>Timer</Filter>
    </ClCompile>
    <ClCompile Include="Room.cpp">
      <Filter>Map</Filter>
    </ClCompile>
    <ClCompile Include="UnitBase.cpp">
      <Filter>Unit</Filter>
    </ClCompile>
    <ClCompile Include="Slime.cpp">
      <Filter>Unit\Monster</Filter>
    </ClCompile>
    <ClCompile Include="ObjectContainer.cpp">
      <Filter>ObjectContainer</Filter>
    </ClCompile>
    <ClCompile Include="Light.cpp">
      <Filter>Light</Filter>
    </ClCompile>
    <ClCompile Include="Item.cpp">
      <Filter>Item</Filter>
    </ClCompile>
    <ClCompile Include="ItemFactory.cpp">
      <Filter>Item</Filter>
    </ClCompile>
    <ClCompile Include="RhythmManager.cpp">
      <Filter>Rhythm</Filter>
    </ClCompile>
    <ClCompile Include="R_Note.cpp">
      <Filter>Rhythm</Filter>
    </ClCompile>
  </ItemGroup>
  <ItemGroup>
    <ClInclude Include="Define.h">
      <Filter>헤더 파일</Filter>
    </ClInclude>
    <ClInclude Include="Player.h">
      <Filter>Unit</Filter>
    </ClInclude>
    <ClInclude Include="Render.h">
      <Filter>Render</Filter>
    </ClInclude>
    <ClInclude Include="Map.h">
      <Filter>Map</Filter>
    </ClInclude>
    <ClInclude Include="Camera.h">
      <Filter>Camera</Filter>
    </ClInclude>
    <ClInclude Include="MainGame.h">
      <Filter>MainGame</Filter>
    </ClInclude>
    <ClInclude Include="Timer.h">
      <Filter>Timer</Filter>
    </ClInclude>
    <ClInclude Include="Room.h">
      <Filter>Map</Filter>
    </ClInclude>
    <ClInclude Include="MapTemplte.h">
      <Filter>Map</Filter>
    </ClInclude>
    <ClInclude Include="UnitBase.h">
      <Filter>Unit</Filter>
    </ClInclude>
    <ClInclude Include="Slime.h">
      <Filter>Unit\Monster</Filter>
    </ClInclude>
    <ClInclude Include="ObjectContainer.h">
      <Filter>ObjectContainer</Filter>
    </ClInclude>
    <ClInclude Include="MonsterMovePatten.h">
      <Filter>Unit\Monster</Filter>
    </ClInclude>
    <ClInclude Include="Light.h">
      <Filter>Light</Filter>
    </ClInclude>
    <ClInclude Include="Item.h">
      <Filter>Item</Filter>
    </ClInclude>
    <ClInclude Include="ItemFactory.h">
      <Filter>Item</Filter>
    </ClInclude>
    <ClInclude Include="RhythmManager.h">
      <Filter>Rhythm</Filter>
    </ClInclude>
    <ClInclude Include="R_Note.h">
      <Filter>Rhythm</Filter>
    </ClInclude>
  </ItemGroup>
</Project>